
Microsoft Visual Studio Solution File, Format Version 12.00
# Visual Studio Version 16
VisualStudioVersion = 16.0.31112.23
MinimumVisualStudioVersion = 10.0.40219.1
Project("{FAE04EC0-301F-11D3-BF4B-00C04F79EFBC}") = "MLPractice", "MLPractice\MLPractice.csproj", "{6B931EB0-4F72-4D1C-97CD-1DC43452167E}"
EndProject
Project("{9A19103F-16F7-4668-BE54-9A1E7A4F7556}") = "MLModel1_Console", "MLModel1_Console\MLModel1_Console.csproj", "{28B0DCF5-FAB8-49AD-B257-ED0E34853A2E}"
EndProject
Global
	GlobalSection(SolutionConfigurationPlatforms) = preSolution
		Debug|Any CPU = Debug|Any CPU
		Release|Any CPU = Release|Any CPU
	EndGlobalSection
	GlobalSection(ProjectConfigurationPlatforms) = postSolution
		{6B931EB0-4F72-4D1C-97CD-1DC43452167E}.Debug|Any CPU.ActiveCfg = Debug|Any CPU
		{6B931EB0-4F72-4D1C-97CD-1DC43452167E}.Debug|Any CPU.Build.0 = Debug|Any CPU
		{6B931EB0-4F72-4D1C-97CD-1DC43452167E}.Release|Any CPU.ActiveCfg = Release|Any CPU
		{6B931EB0-4F72-4D1C-97CD-1DC43452167E}.Release|Any CPU.Build.0 = Release|Any CPU
		{28B0DCF5-FAB8-49AD-B257-ED0E34853A2E}.Debug|Any CPU.ActiveCfg = Debug|Any CPU
		{28B0DCF5-FAB8-49AD-B257-ED0E34853A2E}.Debug|Any CPU.Build.0 = Debug|Any CPU
		{28B0DCF5-FAB8-49AD-B257-ED0E34853A2E}.Release|Any CPU.ActiveCfg = Release|Any CPU
		{28B0DCF5-FAB8-49AD-B257-ED0E34853A2E}.Release|Any CPU.Build.0 = Release|Any CPU
	EndGlobalSection
	GlobalSection(SolutionProperties) = preSolution
		HideSolutionNode = FALSE
	EndGlobalSection
	GlobalSection(ExtensibilityGlobals) = postSolution
		SolutionGuid = {F106CFCF-E67A-4F4F-9FDE-AAF52B4467AA}
	EndGlobalSection
EndGlobal
